
Microsoft Visual Studio Solution File, Format Version 12.00
# Visual Studio Version 16
VisualStudioVersion = 16.0.30907.101
MinimumVisualStudioVersion = 10.0.40219.1
Project("{9A19103F-16F7-4668-BE54-9A1E7A4F7556}") = "RulesEngine.Library", "DiscountEngine\RulesEngine.Library.csproj", "{A055859D-6021-41E1-B963-675EAF233DF0}"
EndProject
Project("{9A19103F-16F7-4668-BE54-9A1E7A4F7556}") = "RulesEngine.Tests", "DiscountEngine.Tests\RulesEngine.Tests.csproj", "{7DED9318-0D42-4470-BC26-D353EFE5C888}"
EndProject
Project("{9A19103F-16F7-4668-BE54-9A1E7A4F7556}") = "Plugin.Library", "Plugin.Rules\Plugin.Library.csproj", "{8DAC45C2-F530-4E1E-AAB7-8143C36D2B2C}"
EndProject
Project("{2150E333-8FDC-42A3-9474-1A3956D46DE8}") = "Solution Items", "Solution Items", "{153386BD-DC58-43A7-A8A4-AF834832EC87}"
	ProjectSection(SolutionItems) = preProject
		ReadMe.md = ReadMe.md
	EndProjectSection
EndProject
Global
	GlobalSection(SolutionConfigurationPlatforms) = preSolution
		Debug|Any CPU = Debug|Any CPU
		Release|Any CPU = Release|Any CPU
	EndGlobalSection
	GlobalSection(ProjectConfigurationPlatforms) = postSolution
		{A055859D-6021-41E1-B963-675EAF233DF0}.Debug|Any CPU.ActiveCfg = Debug|Any CPU
		{A055859D-6021-41E1-B963-675EAF233DF0}.Debug|Any CPU.Build.0 = Debug|Any CPU
		{A055859D-6021-41E1-B963-675EAF233DF0}.Release|Any CPU.ActiveCfg = Release|Any CPU
		{A055859D-6021-41E1-B963-675EAF233DF0}.Release|Any CPU.Build.0 = Release|Any CPU
		{7DED9318-0D42-4470-BC26-D353EFE5C888}.Debug|Any CPU.ActiveCfg = Debug|Any CPU
		{7DED9318-0D42-4470-BC26-D353EFE5C888}.Debug|Any CPU.Build.0 = Debug|Any CPU
		{7DED9318-0D42-4470-BC26-D353EFE5C888}.Release|Any CPU.ActiveCfg = Release|Any CPU
		{7DED9318-0D42-4470-BC26-D353EFE5C888}.Release|Any CPU.Build.0 = Release|Any CPU
		{8DAC45C2-F530-4E1E-AAB7-8143C36D2B2C}.Debug|Any CPU.ActiveCfg = Debug|Any CPU
		{8DAC45C2-F530-4E1E-AAB7-8143C36D2B2C}.Debug|Any CPU.Build.0 = Debug|Any CPU
		{8DAC45C2-F530-4E1E-AAB7-8143C36D2B2C}.Release|Any CPU.ActiveCfg = Release|Any CPU
		{8DAC45C2-F530-4E1E-AAB7-8143C36D2B2C}.Release|Any CPU.Build.0 = Release|Any CPU
	EndGlobalSection
	GlobalSection(SolutionProperties) = preSolution
		HideSolutionNode = FALSE
	EndGlobalSection
	GlobalSection(ExtensibilityGlobals) = postSolution
		SolutionGuid = {6CE3267B-893C-426A-B2EB-5AE5C1A5BB02}
	EndGlobalSection
EndGlobal
